
Microsoft Visual Studio Solution File, Format Version 12.00
# Visual Studio Version 16
VisualStudioVersion = 16.0.810.17
MinimumVisualStudioVersion = 10.0.40219.1
Project("{FAE04EC0-301F-11D3-BF4B-00C04F79EFBC}") = "Shape", "Shape\Shape.csproj", "{EEB238DE-7C32-4323-9F54-E550BC51C52D}"
EndProject
Global
	GlobalSection(SolutionConfigurationPlatforms) = preSolution
		Debug|Any CPU = Debug|Any CPU
		Release|Any CPU = Release|Any CPU
	EndGlobalSection
	GlobalSection(ProjectConfigurationPlatforms) = postSolution
		{EEB238DE-7C32-4323-9F54-E550BC51C52D}.Debug|Any CPU.ActiveCfg = Debug|Any CPU
		{EEB238DE-7C32-4323-9F54-E550BC51C52D}.Debug|Any CPU.Build.0 = Debug|Any CPU
		{EEB238DE-7C32-4323-9F54-E550BC51C52D}.Release|Any CPU.ActiveCfg = Release|Any CPU
		{EEB238DE-7C32-4323-9F54-E550BC51C52D}.Release|Any CPU.Build.0 = Release|Any CPU
	EndGlobalSection
	GlobalSection(SolutionProperties) = preSolution
		HideSolutionNode = FALSE
	EndGlobalSection
	GlobalSection(ExtensibilityGlobals) = postSolution
		SolutionGuid = {FE5F9448-F395-4089-93F0-E9C01C418C75}
	EndGlobalSection
EndGlobal
